// !$*UTF8*$!
{
	archiveVersion = 1;
	classes = {
	};
	objectVersion = 55;
	objects = {

/* Begin PBXBuildFile section */
		FD37D301282F9B40000F248E /* ImagePicker.swift in Sources */ = {isa = PBXBuildFile; fileRef = FD37D300282F9B40000F248E /* ImagePicker.swift */; };
		FD37D303282FAEDC000F248E /* Helpers.swift in Sources */ = {isa = PBXBuildFile; fileRef = FD37D302282FAEDC000F248E /* Helpers.swift */; };
		FD692AEF2834A17F00DD23F6 /* JournalModel.swift in Sources */ = {isa = PBXBuildFile; fileRef = FD692AEE2834A17F00DD23F6 /* JournalModel.swift */; };
		FD692AF128353BD100DD23F6 /* SearchBar.swift in Sources */ = {isa = PBXBuildFile; fileRef = FD692AF028353BD100DD23F6 /* SearchBar.swift */; };
		FD91085E282B93DA008CC122 /* JoupiApp.swift in Sources */ = {isa = PBXBuildFile; fileRef = FD91085D282B93DA008CC122 /* JoupiApp.swift */; };
		FD910860282B93DA008CC122 /* ContentView.swift in Sources */ = {isa = PBXBuildFile; fileRef = FD91085F282B93DA008CC122 /* ContentView.swift */; };
		FD910862282B93DC008CC122 /* Assets.xcassets in Resources */ = {isa = PBXBuildFile; fileRef = FD910861282B93DC008CC122 /* Assets.xcassets */; };
		FD910865282B93DC008CC122 /* Preview Assets.xcassets in Resources */ = {isa = PBXBuildFile; fileRef = FD910864282B93DC008CC122 /* Preview Assets.xcassets */; };
		FD910871282B9704008CC122 /* MainScreen.swift in Sources */ = {isa = PBXBuildFile; fileRef = FD910870282B9704008CC122 /* MainScreen.swift */; };
		FD910873282B9718008CC122 /* JournalAdd.swift in Sources */ = {isa = PBXBuildFile; fileRef = FD910872282B9718008CC122 /* JournalAdd.swift */; };
		FD910875282B9726008CC122 /* JournalDetail.swift in Sources */ = {isa = PBXBuildFile; fileRef = FD910874282B9726008CC122 /* JournalDetail.swift */; };
		FD910877282B972F008CC122 /* JournalEdit.swift in Sources */ = {isa = PBXBuildFile; fileRef = FD910876282B972F008CC122 /* JournalEdit.swift */; };
		FD910879282B97CF008CC122 /* JournalImageCard.swift in Sources */ = {isa = PBXBuildFile; fileRef = FD910878282B97CF008CC122 /* JournalImageCard.swift */; };
		FD91087B282B97EC008CC122 /* JournalCard.swift in Sources */ = {isa = PBXBuildFile; fileRef = FD91087A282B97EC008CC122 /* JournalCard.swift */; };
		FD91087D282B9801008CC122 /* ImageCarousel.swift in Sources */ = {isa = PBXBuildFile; fileRef = FD91087C282B9801008CC122 /* ImageCarousel.swift */; };
		FD91087F282B99FA008CC122 /* CameraView.swift in Sources */ = {isa = PBXBuildFile; fileRef = FD91087E282B99FA008CC122 /* CameraView.swift */; };
/* End PBXBuildFile section */

/* Begin PBXFileReference section */
		2E5734542834CBF2007DCCD5 /* Coffee.swift */ = {isa = PBXFileReference; lastKnownFileType = sourcecode.swift; path = Coffee.swift; sourceTree = "<group>"; };
		FD37D300282F9B40000F248E /* ImagePicker.swift */ = {isa = PBXFileReference; lastKnownFileType = sourcecode.swift; path = ImagePicker.swift; sourceTree = "<group>"; };
		FD37D302282FAEDC000F248E /* Helpers.swift */ = {isa = PBXFileReference; lastKnownFileType = sourcecode.swift; path = Helpers.swift; sourceTree = "<group>"; };
		FD692AEE2834A17F00DD23F6 /* JournalModel.swift */ = {isa = PBXFileReference; lastKnownFileType = sourcecode.swift; path = JournalModel.swift; sourceTree = "<group>"; };
		FD692AF028353BD100DD23F6 /* SearchBar.swift */ = {isa = PBXFileReference; lastKnownFileType = sourcecode.swift; path = SearchBar.swift; sourceTree = "<group>"; };
		FD91085A282B93DA008CC122 /* Joupi.app */ = {isa = PBXFileReference; explicitFileType = wrapper.application; includeInIndex = 0; path = Joupi.app; sourceTree = BUILT_PRODUCTS_DIR; };
		FD91085D282B93DA008CC122 /* JoupiApp.swift */ = {isa = PBXFileReference; lastKnownFileType = sourcecode.swift; path = JoupiApp.swift; sourceTree = "<group>"; };
		FD91085F282B93DA008CC122 /* ContentView.swift */ = {isa = PBXFileReference; lastKnownFileType = sourcecode.swift; path = ContentView.swift; sourceTree = "<group>"; };
		FD910861282B93DC008CC122 /* Assets.xcassets */ = {isa = PBXFileReference; lastKnownFileType = folder.assetcatalog; path = Assets.xcassets; sourceTree = "<group>"; };
		FD910864282B93DC008CC122 /* Preview Assets.xcassets */ = {isa = PBXFileReference; lastKnownFileType = folder.assetcatalog; path = "Preview Assets.xcassets"; sourceTree = "<group>"; };
		FD910870282B9704008CC122 /* MainScreen.swift */ = {isa = PBXFileReference; lastKnownFileType = sourcecode.swift; path = MainScreen.swift; sourceTree = "<group>"; };
		FD910872282B9718008CC122 /* JournalAdd.swift */ = {isa = PBXFileReference; lastKnownFileType = sourcecode.swift; path = JournalAdd.swift; sourceTree = "<group>"; };
		FD910874282B9726008CC122 /* JournalDetail.swift */ = {isa = PBXFileReference; lastKnownFileType = sourcecode.swift; path = JournalDetail.swift; sourceTree = "<group>"; };
		FD910876282B972F008CC122 /* JournalEdit.swift */ = {isa = PBXFileReference; lastKnownFileType = sourcecode.swift; path = JournalEdit.swift; sourceTree = "<group>"; };
		FD910878282B97CF008CC122 /* JournalImageCard.swift */ = {isa = PBXFileReference; lastKnownFileType = sourcecode.swift; path = JournalImageCard.swift; sourceTree = "<group>"; };
		FD91087A282B97EC008CC122 /* JournalCard.swift */ = {isa = PBXFileReference; lastKnownFileType = sourcecode.swift; path = JournalCard.swift; sourceTree = "<group>"; };
		FD91087C282B9801008CC122 /* ImageCarousel.swift */ = {isa = PBXFileReference; lastKnownFileType = sourcecode.swift; path = ImageCarousel.swift; sourceTree = "<group>"; };
		FD91087E282B99FA008CC122 /* CameraView.swift */ = {isa = PBXFileReference; lastKnownFileType = sourcecode.swift; path = CameraView.swift; sourceTree = "<group>"; };
		FD910880282B9A95008CC122 /* Info.plist */ = {isa = PBXFileReference; lastKnownFileType = text.plist; path = Info.plist; sourceTree = "<group>"; };
/* End PBXFileReference section */

/* Begin PBXFrameworksBuildPhase section */
		FD910857282B93DA008CC122 /* Frameworks */ = {
			isa = PBXFrameworksBuildPhase;
			buildActionMask = 2147483647;
			files = (
			);
			runOnlyForDeploymentPostprocessing = 0;
		};
/* End PBXFrameworksBuildPhase section */

/* Begin PBXGroup section */
		FD04ED322835DEEC00284498 /* Recovered References */ = {
			isa = PBXGroup;
			children = (
				2E5734542834CBF2007DCCD5 /* Coffee.swift */,
			);
			name = "Recovered References";
			sourceTree = "<group>";
		};
		FD910851282B93DA008CC122 = {
			isa = PBXGroup;
			children = (
				FD91085C282B93DA008CC122 /* Joupi */,
				FD91085B282B93DA008CC122 /* Products */,
				FD04ED322835DEEC00284498 /* Recovered References */,
			);
			sourceTree = "<group>";
		};
		FD91085B282B93DA008CC122 /* Products */ = {
			isa = PBXGroup;
			children = (
				FD91085A282B93DA008CC122 /* Joupi.app */,
			);
			name = Products;
			sourceTree = "<group>";
		};
		FD91085C282B93DA008CC122 /* Joupi */ = {
			isa = PBXGroup;
			children = (
				FD910880282B9A95008CC122 /* Info.plist */,
				FD91086D282B95D2008CC122 /* Models */,
				FD91086C282B9595008CC122 /* Resources */,
				FD91086B282B9587008CC122 /* Views */,
				FD91085D282B93DA008CC122 /* JoupiApp.swift */,
				FD91085F282B93DA008CC122 /* ContentView.swift */,
				FD910861282B93DC008CC122 /* Assets.xcassets */,
				FD910863282B93DC008CC122 /* Preview Content */,
			);
			path = Joupi;
			sourceTree = "<group>";
		};
		FD910863282B93DC008CC122 /* Preview Content */ = {
			isa = PBXGroup;
			children = (
				FD910864282B93DC008CC122 /* Preview Assets.xcassets */,
			);
			path = "Preview Content";
			sourceTree = "<group>";
		};
		FD91086B282B9587008CC122 /* Views */ = {
			isa = PBXGroup;
			children = (
				FD91086F282B964B008CC122 /* Shareds */,
				FD91086E282B9630008CC122 /* Screens */,
			);
			path = Views;
			sourceTree = "<group>";
		};
		FD91086C282B9595008CC122 /* Resources */ = {
			isa = PBXGroup;
			children = (
			);
			path = Resources;
			sourceTree = "<group>";
		};
		FD91086D282B95D2008CC122 /* Models */ = {
			isa = PBXGroup;
			children = (
				FD692AEE2834A17F00DD23F6 /* JournalModel.swift */,
			);
			path = Models;
			sourceTree = "<group>";
		};
		FD91086E282B9630008CC122 /* Screens */ = {
			isa = PBXGroup;
			children = (
				FD910870282B9704008CC122 /* MainScreen.swift */,
				FD910872282B9718008CC122 /* JournalAdd.swift */,
				FD910874282B9726008CC122 /* JournalDetail.swift */,
				FD910876282B972F008CC122 /* JournalEdit.swift */,
			);
			path = Screens;
			sourceTree = "<group>";
		};
		FD91086F282B964B008CC122 /* Shareds */ = {
			isa = PBXGroup;
			children = (
				FD910878282B97CF008CC122 /* JournalImageCard.swift */,
				FD91087A282B97EC008CC122 /* JournalCard.swift */,
				FD91087C282B9801008CC122 /* ImageCarousel.swift */,
				FD91087E282B99FA008CC122 /* CameraView.swift */,
				FD37D300282F9B40000F248E /* ImagePicker.swift */,
				FD37D302282FAEDC000F248E /* Helpers.swift */,
				FD692AF028353BD100DD23F6 /* SearchBar.swift */,
			);
			path = Shareds;
			sourceTree = "<group>";
		};
/* End PBXGroup section */

/* Begin PBXNativeTarget section */
		FD910859282B93DA008CC122 /* Joupi */ = {
			isa = PBXNativeTarget;
			buildConfigurationList = FD910868282B93DC008CC122 /* Build configuration list for PBXNativeTarget "Joupi" */;
			buildPhases = (
				FD910856282B93DA008CC122 /* Sources */,
				FD910857282B93DA008CC122 /* Frameworks */,
				FD910858282B93DA008CC122 /* Resources */,
			);
			buildRules = (
			);
			dependencies = (
			);
			name = Joupi;
			productName = Joupi;
			productReference = FD91085A282B93DA008CC122 /* Joupi.app */;
			productType = "com.apple.product-type.application";
		};
/* End PBXNativeTarget section */

/* Begin PBXProject section */
		FD910852282B93DA008CC122 /* Project object */ = {
			isa = PBXProject;
			attributes = {
				BuildIndependentTargetsInParallel = 1;
				LastSwiftUpdateCheck = 1330;
				LastUpgradeCheck = 1330;
				TargetAttributes = {
					FD910859282B93DA008CC122 = {
						CreatedOnToolsVersion = 13.3;
					};
				};
			};
			buildConfigurationList = FD910855282B93DA008CC122 /* Build configuration list for PBXProject "Joupi" */;
			compatibilityVersion = "Xcode 13.0";
			developmentRegion = en;
			hasScannedForEncodings = 0;
			knownRegions = (
				en,
				Base,
			);
			mainGroup = FD910851282B93DA008CC122;
			productRefGroup = FD91085B282B93DA008CC122 /* Products */;
			projectDirPath = "";
			projectRoot = "";
			targets = (
				FD910859282B93DA008CC122 /* Joupi */,
			);
		};
/* End PBXProject section */

/* Begin PBXResourcesBuildPhase section */
		FD910858282B93DA008CC122 /* Resources */ = {
			isa = PBXResourcesBuildPhase;
			buildActionMask = 2147483647;
			files = (
				FD910865282B93DC008CC122 /* Preview Assets.xcassets in Resources */,
				FD910862282B93DC008CC122 /* Assets.xcassets in Resources */,
			);
			runOnlyForDeploymentPostprocessing = 0;
		};
/* End PBXResourcesBuildPhase section */

/* Begin PBXSourcesBuildPhase section */
		FD910856282B93DA008CC122 /* Sources */ = {
			isa = PBXSourcesBuildPhase;
			buildActionMask = 2147483647;
			files = (
				FD910871282B9704008CC122 /* MainScreen.swift in Sources */,
				FD91087B282B97EC008CC122 /* JournalCard.swift in Sources */,
				FD910875282B9726008CC122 /* JournalDetail.swift in Sources */,
				FD91087F282B99FA008CC122 /* CameraView.swift in Sources */,
				FD692AEF2834A17F00DD23F6 /* JournalModel.swift in Sources */,
				FD91087D282B9801008CC122 /* ImageCarousel.swift in Sources */,
				FD910860282B93DA008CC122 /* ContentView.swift in Sources */,
				FD692AF128353BD100DD23F6 /* SearchBar.swift in Sources */,
				FD91085E282B93DA008CC122 /* JoupiApp.swift in Sources */,
				FD37D303282FAEDC000F248E /* Helpers.swift in Sources */,
				FD37D301282F9B40000F248E /* ImagePicker.swift in Sources */,
				FD910879282B97CF008CC122 /* JournalImageCard.swift in Sources */,
				2E5734552834CBF2007DCCD5 /* Coffee.swift in Sources */,
				FD910873282B9718008CC122 /* JournalAdd.swift in Sources */,
				FD910877282B972F008CC122 /* JournalEdit.swift in Sources */,
			);
			runOnlyForDeploymentPostprocessing = 0;
		};
/* End PBXSourcesBuildPhase section */

/* Begin XCBuildConfiguration section */
		FD910866282B93DC008CC122 /* Debug */ = {
			isa = XCBuildConfiguration;
			buildSettings = {
				ALWAYS_SEARCH_USER_PATHS = NO;
				CLANG_ANALYZER_NONNULL = YES;
				CLANG_ANALYZER_NUMBER_OBJECT_CONVERSION = YES_AGGRESSIVE;
				CLANG_CXX_LANGUAGE_STANDARD = "gnu++17";
				CLANG_ENABLE_MODULES = YES;
				CLANG_ENABLE_OBJC_ARC = YES;
				CLANG_ENABLE_OBJC_WEAK = YES;
				CLANG_WARN_BLOCK_CAPTURE_AUTORELEASING = YES;
				CLANG_WARN_BOOL_CONVERSION = YES;
				CLANG_WARN_COMMA = YES;
				CLANG_WARN_CONSTANT_CONVERSION = YES;
				CLANG_WARN_DEPRECATED_OBJC_IMPLEMENTATIONS = YES;
				CLANG_WARN_DIRECT_OBJC_ISA_USAGE = YES_ERROR;
				CLANG_WARN_DOCUMENTATION_COMMENTS = YES;
				CLANG_WARN_EMPTY_BODY = YES;
				CLANG_WARN_ENUM_CONVERSION = YES;
				CLANG_WARN_INFINITE_RECURSION = YES;
				CLANG_WARN_INT_CONVERSION = YES;
				CLANG_WARN_NON_LITERAL_NULL_CONVERSION = YES;
				CLANG_WARN_OBJC_IMPLICIT_RETAIN_SELF = YES;
				CLANG_WARN_OBJC_LITERAL_CONVERSION = YES;
				CLANG_WARN_OBJC_ROOT_CLASS = YES_ERROR;
				CLANG_WARN_QUOTED_INCLUDE_IN_FRAMEWORK_HEADER = YES;
				CLANG_WARN_RANGE_LOOP_ANALYSIS = YES;
				CLANG_WARN_STRICT_PROTOTYPES = YES;
				CLANG_WARN_SUSPICIOUS_MOVE = YES;
				CLANG_WARN_UNGUARDED_AVAILABILITY = YES_AGGRESSIVE;
				CLANG_WARN_UNREACHABLE_CODE = YES;
				CLANG_WARN__DUPLICATE_METHOD_MATCH = YES;
				COPY_PHASE_STRIP = NO;
				DEBUG_INFORMATION_FORMAT = dwarf;
				ENABLE_STRICT_OBJC_MSGSEND = YES;
				ENABLE_TESTABILITY = YES;
				GCC_C_LANGUAGE_STANDARD = gnu11;
				GCC_DYNAMIC_NO_PIC = NO;
				GCC_NO_COMMON_BLOCKS = YES;
				GCC_OPTIMIZATION_LEVEL = 0;
				GCC_PREPROCESSOR_DEFINITIONS = (
					"DEBUG=1",
					"$(inherited)",
				);
				GCC_WARN_64_TO_32_BIT_CONVERSION = YES;
				GCC_WARN_ABOUT_RETURN_TYPE = YES_ERROR;
				GCC_WARN_UNDECLARED_SELECTOR = YES;
				GCC_WARN_UNINITIALIZED_AUTOS = YES_AGGRESSIVE;
				GCC_WARN_UNUSED_FUNCTION = YES;
				GCC_WARN_UNUSED_VARIABLE = YES;
				IPHONEOS_DEPLOYMENT_TARGET = 15.4;
				MTL_ENABLE_DEBUG_INFO = INCLUDE_SOURCE;
				MTL_FAST_MATH = YES;
				ONLY_ACTIVE_ARCH = YES;
				SDKROOT = iphoneos;
				SWIFT_ACTIVE_COMPILATION_CONDITIONS = DEBUG;
				SWIFT_OPTIMIZATION_LEVEL = "-Onone";
			};
			name = Debug;
		};
		FD910867282B93DC008CC122 /* Release */ = {
			isa = XCBuildConfiguration;
			buildSettings = {
				ALWAYS_SEARCH_USER_PATHS = NO;
				CLANG_ANALYZER_NONNULL = YES;
				CLANG_ANALYZER_NUMBER_OBJECT_CONVERSION = YES_AGGRESSIVE;
				CLANG_CXX_LANGUAGE_STANDARD = "gnu++17";
				CLANG_ENABLE_MODULES = YES;
				CLANG_ENABLE_OBJC_ARC = YES;
				CLANG_ENABLE_OBJC_WEAK = YES;
				CLANG_WARN_BLOCK_CAPTURE_AUTORELEASING = YES;
				CLANG_WARN_BOOL_CONVERSION = YES;
				CLANG_WARN_COMMA = YES;
				CLANG_WARN_CONSTANT_CONVERSION = YES;
				CLANG_WARN_DEPRECATED_OBJC_IMPLEMENTATIONS = YES;
				CLANG_WARN_DIRECT_OBJC_ISA_USAGE = YES_ERROR;
				CLANG_WARN_DOCUMENTATION_COMMENTS = YES;
				CLANG_WARN_EMPTY_BODY = YES;
				CLANG_WARN_ENUM_CONVERSION = YES;
				CLANG_WARN_INFINITE_RECURSION = YES;
				CLANG_WARN_INT_CONVERSION = YES;
				CLANG_WARN_NON_LITERAL_NULL_CONVERSION = YES;
				CLANG_WARN_OBJC_IMPLICIT_RETAIN_SELF = YES;
				CLANG_WARN_OBJC_LITERAL_CONVERSION = YES;
				CLANG_WARN_OBJC_ROOT_CLASS = YES_ERROR;
				CLANG_WARN_QUOTED_INCLUDE_IN_FRAMEWORK_HEADER = YES;
				CLANG_WARN_RANGE_LOOP_ANALYSIS = YES;
				CLANG_WARN_STRICT_PROTOTYPES = YES;
				CLANG_WARN_SUSPICIOUS_MOVE = YES;
				CLANG_WARN_UNGUARDED_AVAILABILITY = YES_AGGRESSIVE;
				CLANG_WARN_UNREACHABLE_CODE = YES;
				CLANG_WARN__DUPLICATE_METHOD_MATCH = YES;
				COPY_PHASE_STRIP = NO;
				DEBUG_INFORMATION_FORMAT = "dwarf-with-dsym";
				ENABLE_NS_ASSERTIONS = NO;
				ENABLE_STRICT_OBJC_MSGSEND = YES;
				GCC_C_LANGUAGE_STANDARD = gnu11;
				GCC_NO_COMMON_BLOCKS = YES;
				GCC_WARN_64_TO_32_BIT_CONVERSION = YES;
				GCC_WARN_ABOUT_RETURN_TYPE = YES_ERROR;
				GCC_WARN_UNDECLARED_SELECTOR = YES;
				GCC_WARN_UNINITIALIZED_AUTOS = YES_AGGRESSIVE;
				GCC_WARN_UNUSED_FUNCTION = YES;
				GCC_WARN_UNUSED_VARIABLE = YES;
				IPHONEOS_DEPLOYMENT_TARGET = 15.4;
				MTL_ENABLE_DEBUG_INFO = NO;
				MTL_FAST_MATH = YES;
				SDKROOT = iphoneos;
				SWIFT_COMPILATION_MODE = wholemodule;
				SWIFT_OPTIMIZATION_LEVEL = "-O";
				VALIDATE_PRODUCT = YES;
			};
			name = Release;
		};
		FD910869282B93DC008CC122 /* Debug */ = {
			isa = XCBuildConfiguration;
			buildSettings = {
				ASSETCATALOG_COMPILER_APPICON_NAME = AppIcon;
				ASSETCATALOG_COMPILER_GLOBAL_ACCENT_COLOR_NAME = AccentColor;
				CODE_SIGN_STYLE = Automatic;
				CURRENT_PROJECT_VERSION = 1;
				DEVELOPMENT_ASSET_PATHS = "\"Joupi/Preview Content\"";
				DEVELOPMENT_TEAM = FANN368M5W;
				ENABLE_PREVIEWS = YES;
				GENERATE_INFOPLIST_FILE = YES;
				INFOPLIST_FILE = Joupi/Info.plist;
				INFOPLIST_KEY_NSCameraUsageDescription = "Ini butuh kamera loh test";
				INFOPLIST_KEY_NSPhotoLibraryUsageDescription = "Ini butuh Gallery loh";
				INFOPLIST_KEY_UIApplicationSceneManifest_Generation = YES;
				INFOPLIST_KEY_UIApplicationSupportsIndirectInputEvents = YES;
				INFOPLIST_KEY_UILaunchScreen_Generation = YES;
				INFOPLIST_KEY_UISupportedInterfaceOrientations_iPad = "UIInterfaceOrientationPortrait UIInterfaceOrientationPortraitUpsideDown UIInterfaceOrientationLandscapeLeft UIInterfaceOrientationLandscapeRight";
				INFOPLIST_KEY_UISupportedInterfaceOrientations_iPhone = "UIInterfaceOrientationPortrait UIInterfaceOrientationLandscapeLeft UIInterfaceOrientationLandscapeRight";
				LD_RUNPATH_SEARCH_PATHS = (
					"$(inherited)",
					"@executable_path/Frameworks",
				);
				MARKETING_VERSION = 1.0;
				PRODUCT_BUNDLE_IDENTIFIER = com.brewboys.Joupi;
				PRODUCT_NAME = "$(TARGET_NAME)";
				SWIFT_EMIT_LOC_STRINGS = YES;
				SWIFT_VERSION = 5.0;
				TARGETED_DEVICE_FAMILY = "1,2";
			};
			name = Debug;
		};
		FD91086A282B93DC008CC122 /* Release */ = {
			isa = XCBuildConfiguration;
			buildSettings = {
				ASSETCATALOG_COMPILER_APPICON_NAME = AppIcon;
				ASSETCATALOG_COMPILER_GLOBAL_ACCENT_COLOR_NAME = AccentColor;
				CODE_SIGN_STYLE = Automatic;
				CURRENT_PROJECT_VERSION = 1;
				DEVELOPMENT_ASSET_PATHS = "\"Joupi/Preview Content\"";
				DEVELOPMENT_TEAM = FANN368M5W;
				ENABLE_PREVIEWS = YES;
				GENERATE_INFOPLIST_FILE = YES;
				INFOPLIST_FILE = Joupi/Info.plist;
				INFOPLIST_KEY_NSCameraUsageDescription = "Ini butuh kamera loh test";
				INFOPLIST_KEY_NSPhotoLibraryUsageDescription = "Ini butuh Gallery loh";
				INFOPLIST_KEY_UIApplicationSceneManifest_Generation = YES;
				INFOPLIST_KEY_UIApplicationSupportsIndirectInputEvents = YES;
				INFOPLIST_KEY_UILaunchScreen_Generation = YES;
				INFOPLIST_KEY_UISupportedInterfaceOrientations_iPad = "UIInterfaceOrientationPortrait UIInterfaceOrientationPortraitUpsideDown UIInterfaceOrientationLandscapeLeft UIInterfaceOrientationLandscapeRight";
				INFOPLIST_KEY_UISupportedInterfaceOrientations_iPhone = "UIInterfaceOrientationPortrait UIInterfaceOrientationLandscapeLeft UIInterfaceOrientationLandscapeRight";
				LD_RUNPATH_SEARCH_PATHS = (
					"$(inherited)",
					"@executable_path/Frameworks",
				);
				MARKETING_VERSION = 1.0;
				PRODUCT_BUNDLE_IDENTIFIER = com.brewboys.Joupi;
				PRODUCT_NAME = "$(TARGET_NAME)";
				SWIFT_EMIT_LOC_STRINGS = YES;
				SWIFT_VERSION = 5.0;
				TARGETED_DEVICE_FAMILY = "1,2";
			};
			name = Release;
		};
/* End XCBuildConfiguration section */

/* Begin XCConfigurationList section */
		FD910855282B93DA008CC122 /* Build configuration list for PBXProject "Joupi" */ = {
			isa = XCConfigurationList;
			buildConfigurations = (
				FD910866282B93DC008CC122 /* Debug */,
				FD910867282B93DC008CC122 /* Release */,
			);
			defaultConfigurationIsVisible = 0;
			defaultConfigurationName = Release;
		};
		FD910868282B93DC008CC122 /* Build configuration list for PBXNativeTarget "Joupi" */ = {
			isa = XCConfigurationList;
			buildConfigurations = (
				FD910869282B93DC008CC122 /* Debug */,
				FD91086A282B93DC008CC122 /* Release */,
			);
			defaultConfigurationIsVisible = 0;
			defaultConfigurationName = Release;
		};
/* End XCConfigurationList section */
	};
	rootObject = FD910852282B93DA008CC122 /* Project object */;
}
